
Microsoft Visual Studio Solution File, Format Version 12.00
# Visual Studio Version 17
VisualStudioVersion = 17.8.34525.116
MinimumVisualStudioVersion = 10.0.40219.1
Project("{9A19103F-16F7-4668-BE54-9A1E7A4F7556}") = "Problems-Challenges", "Problems-Challenges\Problems-Challenges.csproj", "{CB3D5EC2-1314-4DC1-8DF5-322A58106751}"
EndProject
Global
	GlobalSection(SolutionConfigurationPlatforms) = preSolution
		Debug|Any CPU = Debug|Any CPU
		Release|Any CPU = Release|Any CPU
	EndGlobalSection
	GlobalSection(ProjectConfigurationPlatforms) = postSolution
		{CB3D5EC2-1314-4DC1-8DF5-322A58106751}.Debug|Any CPU.ActiveCfg = Debug|Any CPU
		{CB3D5EC2-1314-4DC1-8DF5-322A58106751}.Debug|Any CPU.Build.0 = Debug|Any CPU
		{CB3D5EC2-1314-4DC1-8DF5-322A58106751}.Release|Any CPU.ActiveCfg = Release|Any CPU
		{CB3D5EC2-1314-4DC1-8DF5-322A58106751}.Release|Any CPU.Build.0 = Release|Any CPU
	EndGlobalSection
	GlobalSection(SolutionProperties) = preSolution
		HideSolutionNode = FALSE
	EndGlobalSection
	GlobalSection(ExtensibilityGlobals) = postSolution
		SolutionGuid = {3DF7A819-DC77-494B-BCC0-EBA5F2B8F16E}
	EndGlobalSection
EndGlobal
